
Microsoft Visual Studio Solution File, Format Version 12.00
# Visual Studio Version 17
VisualStudioVersion = 17.7.34202.233
MinimumVisualStudioVersion = 10.0.40219.1
Project("{FAE04EC0-301F-11D3-BF4B-00C04F79EFBC}") = "CleanKeyNeat", "CleanKeyNeat.csproj", "{ED8E3209-AF19-4EF1-B409-432064BA37B3}"
EndProject
Global
	GlobalSection(SolutionConfigurationPlatforms) = preSolution
		Debug|Any CPU = Debug|Any CPU
		Release|Any CPU = Release|Any CPU
	EndGlobalSection
	GlobalSection(ProjectConfigurationPlatforms) = postSolution
		{ED8E3209-AF19-4EF1-B409-432064BA37B3}.Debug|Any CPU.ActiveCfg = Debug|Any CPU
		{ED8E3209-AF19-4EF1-B409-432064BA37B3}.Debug|Any CPU.Build.0 = Debug|Any CPU
		{ED8E3209-AF19-4EF1-B409-432064BA37B3}.Release|Any CPU.ActiveCfg = Release|Any CPU
		{ED8E3209-AF19-4EF1-B409-432064BA37B3}.Release|Any CPU.Build.0 = Release|Any CPU
	EndGlobalSection
	GlobalSection(SolutionProperties) = preSolution
		HideSolutionNode = FALSE
	EndGlobalSection
	GlobalSection(ExtensibilityGlobals) = postSolution
		SolutionGuid = {B8596CD9-4C3D-4152-8D7E-4ABE813E71A6}
	EndGlobalSection
EndGlobal
